
Microsoft Visual Studio Solution File, Format Version 10.00
# Visual Studio 2008
Project("{FAE04EC0-301F-11D3-BF4B-00C04F79EFBC}") = "DetachedSignFile", "DetachedSignFile.csproj", "{B6859D72-0B19-42BA-8F73-CEB895FA4F5B}"
EndProject
Global
	GlobalSection(SolutionConfigurationPlatforms) = preSolution
		Debug|Any CPU = Debug|Any CPU
		Release|Any CPU = Release|Any CPU
	EndGlobalSection
	GlobalSection(ProjectConfigurationPlatforms) = postSolution
		{B6859D72-0B19-42BA-8F73-CEB895FA4F5B}.Debug|Any CPU.ActiveCfg = Debug|Any CPU
		{B6859D72-0B19-42BA-8F73-CEB895FA4F5B}.Debug|Any CPU.Build.0 = Debug|Any CPU
		{B6859D72-0B19-42BA-8F73-CEB895FA4F5B}.Release|Any CPU.ActiveCfg = Release|Any CPU
		{B6859D72-0B19-42BA-8F73-CEB895FA4F5B}.Release|Any CPU.Build.0 = Release|Any CPU
	EndGlobalSection
	GlobalSection(SolutionProperties) = preSolution
		HideSolutionNode = FALSE
	EndGlobalSection
EndGlobal
