
Microsoft Visual Studio Solution File, Format Version 9.00
# Visual Studio 2005
Project("{FAE04EC0-301F-11D3-BF4B-00C04F79EFBC}") = "sign", "sign.csproj", "{B80B43B6-4577-4C7F-B690-F2F21A9D6480}"
EndProject
Global
	GlobalSection(SolutionConfigurationPlatforms) = preSolution
		Debug|Any CPU = Debug|Any CPU
		Release|Any CPU = Release|Any CPU
	EndGlobalSection
	GlobalSection(ProjectConfigurationPlatforms) = postSolution
		{B80B43B6-4577-4C7F-B690-F2F21A9D6480}.Debug|Any CPU.ActiveCfg = Debug|Any CPU
		{B80B43B6-4577-4C7F-B690-F2F21A9D6480}.Debug|Any CPU.Build.0 = Debug|Any CPU
		{B80B43B6-4577-4C7F-B690-F2F21A9D6480}.Release|Any CPU.ActiveCfg = Release|Any CPU
		{B80B43B6-4577-4C7F-B690-F2F21A9D6480}.Release|Any CPU.Build.0 = Release|Any CPU
	EndGlobalSection
	GlobalSection(SolutionProperties) = preSolution
		HideSolutionNode = FALSE
	EndGlobalSection
EndGlobal
