
Microsoft Visual Studio Solution File, Format Version 10.00
# Visual Studio 2008
Project("{FAE04EC0-301F-11D3-BF4B-00C04F79EFBC}") = "GenSM9MasterKey", "GenSM9MasterKey.csproj", "{26B6F21E-9AF9-47DC-96C9-7ADF947D47B6}"
EndProject
Global
	GlobalSection(SolutionConfigurationPlatforms) = preSolution
		Debug|Any CPU = Debug|Any CPU
		Release|Any CPU = Release|Any CPU
	EndGlobalSection
	GlobalSection(ProjectConfigurationPlatforms) = postSolution
		{26B6F21E-9AF9-47DC-96C9-7ADF947D47B6}.Debug|Any CPU.ActiveCfg = Debug|Any CPU
		{26B6F21E-9AF9-47DC-96C9-7ADF947D47B6}.Debug|Any CPU.Build.0 = Debug|Any CPU
		{26B6F21E-9AF9-47DC-96C9-7ADF947D47B6}.Release|Any CPU.ActiveCfg = Release|Any CPU
		{26B6F21E-9AF9-47DC-96C9-7ADF947D47B6}.Release|Any CPU.Build.0 = Release|Any CPU
	EndGlobalSection
	GlobalSection(SolutionProperties) = preSolution
		HideSolutionNode = FALSE
	EndGlobalSection
EndGlobal
