
Microsoft Visual Studio Solution File, Format Version 10.00
# Visual Studio 2008
Project("{8BC9CEB8-8B4A-11D0-8D11-00A0C91BC942}") = "XMLsign", "XMLsign\XMLsign.vcproj", "{267DA7EA-ADA0-478D-BCBE-476964A2CA6B}"
EndProject
Global
	GlobalSection(SolutionConfigurationPlatforms) = preSolution
		Debug|Win32 = Debug|Win32
		Release|Win32 = Release|Win32
	EndGlobalSection
	GlobalSection(ProjectConfigurationPlatforms) = postSolution
		{267DA7EA-ADA0-478D-BCBE-476964A2CA6B}.Debug|Win32.ActiveCfg = Debug|Win32
		{267DA7EA-ADA0-478D-BCBE-476964A2CA6B}.Debug|Win32.Build.0 = Debug|Win32
		{267DA7EA-ADA0-478D-BCBE-476964A2CA6B}.Release|Win32.ActiveCfg = Release|Win32
		{267DA7EA-ADA0-478D-BCBE-476964A2CA6B}.Release|Win32.Build.0 = Release|Win32
	EndGlobalSection
	GlobalSection(SolutionProperties) = preSolution
		HideSolutionNode = FALSE
	EndGlobalSection
EndGlobal
