
Microsoft Visual Studio Solution File, Format Version 12.00
# Visual Studio 2013
VisualStudioVersion = 12.0.31101.0
MinimumVisualStudioVersion = 10.0.40219.1
Project("{8BC9CEB8-8B4A-11D0-8D11-00A0C91BC942}") = "sm2verify", "sm2verify.vcxproj", "{B888DDFC-FBD7-4B85-8600-D71F7C6281E4}"
EndProject
Global
	GlobalSection(SolutionConfigurationPlatforms) = preSolution
		Debug|Win32 = Debug|Win32
		Debug|x64 = Debug|x64
		Release|Win32 = Release|Win32
		Release|x64 = Release|x64
	EndGlobalSection
	GlobalSection(ProjectConfigurationPlatforms) = postSolution
		{B888DDFC-FBD7-4B85-8600-D71F7C6281E4}.Debug|Win32.ActiveCfg = Debug|Win32
		{B888DDFC-FBD7-4B85-8600-D71F7C6281E4}.Debug|Win32.Build.0 = Debug|Win32
		{B888DDFC-FBD7-4B85-8600-D71F7C6281E4}.Debug|x64.ActiveCfg = Debug|x64
		{B888DDFC-FBD7-4B85-8600-D71F7C6281E4}.Debug|x64.Build.0 = Debug|x64
		{B888DDFC-FBD7-4B85-8600-D71F7C6281E4}.Release|Win32.ActiveCfg = Release|Win32
		{B888DDFC-FBD7-4B85-8600-D71F7C6281E4}.Release|Win32.Build.0 = Release|Win32
		{B888DDFC-FBD7-4B85-8600-D71F7C6281E4}.Release|x64.ActiveCfg = Release|x64
		{B888DDFC-FBD7-4B85-8600-D71F7C6281E4}.Release|x64.Build.0 = Release|x64
	EndGlobalSection
	GlobalSection(SolutionProperties) = preSolution
		HideSolutionNode = FALSE
	EndGlobalSection
EndGlobal
