
Microsoft Visual Studio Solution File, Format Version 10.00
# Visual Studio 2008
Project("{FAE04EC0-301F-11D3-BF4B-00C04F79EFBC}") = "SM9Sign", "SM9Sign.csproj", "{BC2C486B-0BFD-4E6C-90A7-BEA2D5A860DF}"
EndProject
Global
	GlobalSection(SolutionConfigurationPlatforms) = preSolution
		Debug|Any CPU = Debug|Any CPU
		Release|Any CPU = Release|Any CPU
	EndGlobalSection
	GlobalSection(ProjectConfigurationPlatforms) = postSolution
		{BC2C486B-0BFD-4E6C-90A7-BEA2D5A860DF}.Debug|Any CPU.ActiveCfg = Debug|Any CPU
		{BC2C486B-0BFD-4E6C-90A7-BEA2D5A860DF}.Debug|Any CPU.Build.0 = Debug|Any CPU
		{BC2C486B-0BFD-4E6C-90A7-BEA2D5A860DF}.Release|Any CPU.ActiveCfg = Release|Any CPU
		{BC2C486B-0BFD-4E6C-90A7-BEA2D5A860DF}.Release|Any CPU.Build.0 = Release|Any CPU
	EndGlobalSection
	GlobalSection(SolutionProperties) = preSolution
		HideSolutionNode = FALSE
	EndGlobalSection
EndGlobal
