
Microsoft Visual Studio Solution File, Format Version 10.00
# Visual Studio 2008
Project("{FAE04EC0-301F-11D3-BF4B-00C04F79EFBC}") = "SignFile2", "SignFile2.csproj", "{104C83B0-2634-4AD4-8628-F07F1C6D7870}"
EndProject
Global
	GlobalSection(SolutionConfigurationPlatforms) = preSolution
		Debug|Any CPU = Debug|Any CPU
		Release|Any CPU = Release|Any CPU
	EndGlobalSection
	GlobalSection(ProjectConfigurationPlatforms) = postSolution
		{104C83B0-2634-4AD4-8628-F07F1C6D7870}.Debug|Any CPU.ActiveCfg = Debug|Any CPU
		{104C83B0-2634-4AD4-8628-F07F1C6D7870}.Debug|Any CPU.Build.0 = Debug|Any CPU
		{104C83B0-2634-4AD4-8628-F07F1C6D7870}.Release|Any CPU.ActiveCfg = Release|Any CPU
		{104C83B0-2634-4AD4-8628-F07F1C6D7870}.Release|Any CPU.Build.0 = Release|Any CPU
	EndGlobalSection
	GlobalSection(SolutionProperties) = preSolution
		HideSolutionNode = FALSE
	EndGlobalSection
EndGlobal
