
Microsoft Visual Studio Solution File, Format Version 10.00
# Visual Studio 2008
Project("{FAE04EC0-301F-11D3-BF4B-00C04F79EFBC}") = "EnvelopedDataEncrypt", "EnvelopedDataEncrypt.csproj", "{13737F33-1A22-4A2F-A231-D0C245D4A84F}"
EndProject
Global
	GlobalSection(SolutionConfigurationPlatforms) = preSolution
		Debug|Any CPU = Debug|Any CPU
		Release|Any CPU = Release|Any CPU
	EndGlobalSection
	GlobalSection(ProjectConfigurationPlatforms) = postSolution
		{13737F33-1A22-4A2F-A231-D0C245D4A84F}.Debug|Any CPU.ActiveCfg = Debug|Any CPU
		{13737F33-1A22-4A2F-A231-D0C245D4A84F}.Debug|Any CPU.Build.0 = Debug|Any CPU
		{13737F33-1A22-4A2F-A231-D0C245D4A84F}.Release|Any CPU.ActiveCfg = Release|Any CPU
		{13737F33-1A22-4A2F-A231-D0C245D4A84F}.Release|Any CPU.Build.0 = Release|Any CPU
	EndGlobalSection
	GlobalSection(SolutionProperties) = preSolution
		HideSolutionNode = FALSE
	EndGlobalSection
EndGlobal
