
Microsoft Visual Studio Solution File, Format Version 9.00
# Visual Studio 2005
Project("{8BC9CEB8-8B4A-11D0-8D11-00A0C91BC942}") = "verifysignwithtimestamp", "verifysignwithtimestamp.vcproj", "{FAF6C034-B0A7-42B5-B9EC-E5F52F2DE39C}"
EndProject
Global
	GlobalSection(SolutionConfigurationPlatforms) = preSolution
		Debug|Win32 = Debug|Win32
		Debug|x64 = Debug|x64
		Release|Win32 = Release|Win32
		Release|x64 = Release|x64
	EndGlobalSection
	GlobalSection(ProjectConfigurationPlatforms) = postSolution
		{FAF6C034-B0A7-42B5-B9EC-E5F52F2DE39C}.Debug|Win32.ActiveCfg = Debug|Win32
		{FAF6C034-B0A7-42B5-B9EC-E5F52F2DE39C}.Debug|Win32.Build.0 = Debug|Win32
		{FAF6C034-B0A7-42B5-B9EC-E5F52F2DE39C}.Debug|x64.ActiveCfg = Debug|x64
		{FAF6C034-B0A7-42B5-B9EC-E5F52F2DE39C}.Debug|x64.Build.0 = Debug|x64
		{FAF6C034-B0A7-42B5-B9EC-E5F52F2DE39C}.Release|Win32.ActiveCfg = Release|Win32
		{FAF6C034-B0A7-42B5-B9EC-E5F52F2DE39C}.Release|Win32.Build.0 = Release|Win32
		{FAF6C034-B0A7-42B5-B9EC-E5F52F2DE39C}.Release|x64.ActiveCfg = Release|x64
		{FAF6C034-B0A7-42B5-B9EC-E5F52F2DE39C}.Release|x64.Build.0 = Release|x64
	EndGlobalSection
	GlobalSection(SolutionProperties) = preSolution
		HideSolutionNode = FALSE
	EndGlobalSection
EndGlobal
