
Microsoft Visual Studio Solution File, Format Version 10.00
# Visual Studio 2008
Project("{FAE04EC0-301F-11D3-BF4B-00C04F79EFBC}") = "VerifyFile", "VerifyFile.csproj", "{C72C94A2-087A-4030-9715-C48C280B8BAA}"
EndProject
Global
	GlobalSection(SolutionConfigurationPlatforms) = preSolution
		Debug|Any CPU = Debug|Any CPU
		Release|Any CPU = Release|Any CPU
	EndGlobalSection
	GlobalSection(ProjectConfigurationPlatforms) = postSolution
		{C72C94A2-087A-4030-9715-C48C280B8BAA}.Debug|Any CPU.ActiveCfg = Debug|Any CPU
		{C72C94A2-087A-4030-9715-C48C280B8BAA}.Debug|Any CPU.Build.0 = Debug|Any CPU
		{C72C94A2-087A-4030-9715-C48C280B8BAA}.Release|Any CPU.ActiveCfg = Release|Any CPU
		{C72C94A2-087A-4030-9715-C48C280B8BAA}.Release|Any CPU.Build.0 = Release|Any CPU
	EndGlobalSection
	GlobalSection(SolutionProperties) = preSolution
		HideSolutionNode = FALSE
	EndGlobalSection
EndGlobal
