
Microsoft Visual Studio Solution File, Format Version 10.00
# Visual Studio 2008
Project("{FAE04EC0-301F-11D3-BF4B-00C04F79EFBC}") = "SM9Decrypt", "SM9Decrypt.csproj", "{5DC1F0CB-9235-4AFC-B6E0-D67B6C3412CB}"
EndProject
Global
	GlobalSection(SolutionConfigurationPlatforms) = preSolution
		Debug|Any CPU = Debug|Any CPU
		Release|Any CPU = Release|Any CPU
	EndGlobalSection
	GlobalSection(ProjectConfigurationPlatforms) = postSolution
		{5DC1F0CB-9235-4AFC-B6E0-D67B6C3412CB}.Debug|Any CPU.ActiveCfg = Debug|Any CPU
		{5DC1F0CB-9235-4AFC-B6E0-D67B6C3412CB}.Debug|Any CPU.Build.0 = Debug|Any CPU
		{5DC1F0CB-9235-4AFC-B6E0-D67B6C3412CB}.Release|Any CPU.ActiveCfg = Release|Any CPU
		{5DC1F0CB-9235-4AFC-B6E0-D67B6C3412CB}.Release|Any CPU.Build.0 = Release|Any CPU
	EndGlobalSection
	GlobalSection(SolutionProperties) = preSolution
		HideSolutionNode = FALSE
	EndGlobalSection
EndGlobal
