
Microsoft Visual Studio Solution File, Format Version 9.00
# Visual Studio 2005
Project("{FAE04EC0-301F-11D3-BF4B-00C04F79EFBC}") = "EncryptMime", "EncryptMime.csproj", "{EF810F97-435A-4C49-A103-FA8C2561C96F}"
EndProject
Global
	GlobalSection(SolutionConfigurationPlatforms) = preSolution
		Debug|Any CPU = Debug|Any CPU
		Release|Any CPU = Release|Any CPU
	EndGlobalSection
	GlobalSection(ProjectConfigurationPlatforms) = postSolution
		{EF810F97-435A-4C49-A103-FA8C2561C96F}.Debug|Any CPU.ActiveCfg = Debug|Any CPU
		{EF810F97-435A-4C49-A103-FA8C2561C96F}.Debug|Any CPU.Build.0 = Debug|Any CPU
		{EF810F97-435A-4C49-A103-FA8C2561C96F}.Release|Any CPU.ActiveCfg = Release|Any CPU
		{EF810F97-435A-4C49-A103-FA8C2561C96F}.Release|Any CPU.Build.0 = Release|Any CPU
	EndGlobalSection
	GlobalSection(SolutionProperties) = preSolution
		HideSolutionNode = FALSE
	EndGlobalSection
EndGlobal
